
Microsoft Visual Studio Solution File, Format Version 12.00
# Visual Studio Version 17
VisualStudioVersion = 17.14.36127.28 d17.14
MinimumVisualStudioVersion = 10.0.40219.1
Project("{FAE04EC0-301F-11D3-BF4B-00C04F79EFBC}") = "Caso__2App", "Caso__2App\Caso__2App.csproj", "{06618325-9050-4CC2-BC47-68936026ECE7}"
EndProject
Project("{FAE04EC0-301F-11D3-BF4B-00C04F79EFBC}") = "Caso_API", "Caso_API\Caso_API.csproj", "{05D3DD2E-4A80-48D5-B016-ABF36BF4F16A}"
EndProject
Global
	GlobalSection(SolutionConfigurationPlatforms) = preSolution
		Debug|Any CPU = Debug|Any CPU
		Release|Any CPU = Release|Any CPU
	EndGlobalSection
	GlobalSection(ProjectConfigurationPlatforms) = postSolution
		{06618325-9050-4CC2-BC47-68936026ECE7}.Debug|Any CPU.ActiveCfg = Debug|Any CPU
		{06618325-9050-4CC2-BC47-68936026ECE7}.Debug|Any CPU.Build.0 = Debug|Any CPU
		{06618325-9050-4CC2-BC47-68936026ECE7}.Release|Any CPU.ActiveCfg = Release|Any CPU
		{06618325-9050-4CC2-BC47-68936026ECE7}.Release|Any CPU.Build.0 = Release|Any CPU
		{05D3DD2E-4A80-48D5-B016-ABF36BF4F16A}.Debug|Any CPU.ActiveCfg = Debug|Any CPU
		{05D3DD2E-4A80-48D5-B016-ABF36BF4F16A}.Debug|Any CPU.Build.0 = Debug|Any CPU
		{05D3DD2E-4A80-48D5-B016-ABF36BF4F16A}.Release|Any CPU.ActiveCfg = Release|Any CPU
		{05D3DD2E-4A80-48D5-B016-ABF36BF4F16A}.Release|Any CPU.Build.0 = Release|Any CPU
	EndGlobalSection
	GlobalSection(SolutionProperties) = preSolution
		HideSolutionNode = FALSE
	EndGlobalSection
	GlobalSection(ExtensibilityGlobals) = postSolution
		SolutionGuid = {DF0E6A7F-9E7B-4D16-913C-3A82E5137593}
	EndGlobalSection
EndGlobal
